<?xml version="1.0" encoding="utf-8"?>
<Project ToolsVersion="4.0" xmlns="http://schemas.microsoft.com/developer/msbuild/2003">
  <ItemGroup>
    <Filter Include="과제">
      <UniqueIdentifier>{ae14a591-aace-49b6-ab01-ba4d24aeef32}</UniqueIdentifier>
    </Filter>
    <Filter Include="과제\23.06.09 과제">
      <UniqueIdentifier>{788f6511-6d61-4587-9cce-5a3588a876f8}</UniqueIdentifier>
    </Filter>
    <Filter Include="과제\23.06.08 과제">
      <UniqueIdentifier>{96a31acc-9b10-477f-beaa-4cddd28e507e}</UniqueIdentifier>
    </Filter>
    <Filter Include="내용 정리">
      <UniqueIdentifier>{963945b7-c728-45ad-a3a5-6b007f94eb24}</UniqueIdentifier>
    </Filter>
    <Filter Include="2D FameWork">
      <UniqueIdentifier>{0216219c-57b4-4ab0-aa8d-e9b377e4e77f}</UniqueIdentifier>
    </Filter>
    <Filter Include="2D FameWork\Utility">
      <UniqueIdentifier>{843d9486-d80e-4cf4-97b5-ad196ada6686}</UniqueIdentifier>
    </Filter>
    <Filter Include="2D FameWork\Utility\Math">
      <UniqueIdentifier>{e4e07c6d-41d1-43cb-add1-5455c3c260d1}</UniqueIdentifier>
    </Filter>
    <Filter Include="2D FameWork\PCH">
      <UniqueIdentifier>{745d88e3-23d5-4a26-9bde-18ac85a530e4}</UniqueIdentifier>
    </Filter>
    <Filter Include="과제\23.06.12 과제">
      <UniqueIdentifier>{038086d2-a4f7-46d8-afa3-6acefc329f5f}</UniqueIdentifier>
    </Filter>
    <Filter Include="과제\23.06.13 과제">
      <UniqueIdentifier>{c9dfe594-3983-44b3-8291-42df9cab0fee}</UniqueIdentifier>
    </Filter>
    <Filter Include="2D FameWork\DesigePattern">
      <UniqueIdentifier>{53a434aa-298d-42aa-92ff-9878af0079a4}</UniqueIdentifier>
    </Filter>
    <Filter Include="2D FameWork\DesigePattern\Singleton">
      <UniqueIdentifier>{e32afcb4-3d40-4315-a483-7c76ad16577a}</UniqueIdentifier>
    </Filter>
    <Filter Include="과제\23.06.14 과제">
      <UniqueIdentifier>{e4720a33-8e62-4626-82b5-f9fa124ccab6}</UniqueIdentifier>
    </Filter>
    <Filter Include="과제\23.06.15 과제">
      <UniqueIdentifier>{a240f0e0-dd97-4e18-afcb-c5b5c9ed291e}</UniqueIdentifier>
    </Filter>
    <Filter Include="2D FameWork\GameCore">
      <UniqueIdentifier>{bd413ac0-3d8a-4ecf-8b96-fc0adf940b99}</UniqueIdentifier>
    </Filter>
    <Filter Include="ManagerClass">
      <UniqueIdentifier>{7954b08f-6dd9-420c-92fd-ddd602143666}</UniqueIdentifier>
    </Filter>
    <Filter Include="2D FameWork\FameWorkManager">
      <UniqueIdentifier>{b6d86d02-cbed-4650-ad92-18fc7e229cf3}</UniqueIdentifier>
    </Filter>
  </ItemGroup>
  <ItemGroup>
    <ClInclude Include="Stdafx.h">
      <Filter>2D FameWork\PCH</Filter>
    </ClInclude>
    <ClInclude Include="C3DMatrix.h">
      <Filter>2D FameWork\Utility\Math</Filter>
    </ClInclude>
    <ClInclude Include="C3DVector.h">
      <Filter>2D FameWork\Utility\Math</Filter>
    </ClInclude>
    <ClInclude Include="CommonMacroFunction.h">
      <Filter>2D FameWork\Utility</Filter>
    </ClInclude>
    <ClInclude Include="SingletonBase.h">
      <Filter>2D FameWork\DesigePattern\Singleton</Filter>
    </ClInclude>
    <ClInclude Include="RandomFunction.h">
      <Filter>2D FameWork\Utility</Filter>
    </ClInclude>
    <ClInclude Include="GameNode.h">
      <Filter>2D FameWork\GameCore</Filter>
    </ClInclude>
    <ClInclude Include="IWindowMessageHandler.h">
      <Filter>2D FameWork\Utility</Filter>
    </ClInclude>
    <ClInclude Include="MainGame.h">
      <Filter>ManagerClass</Filter>
    </ClInclude>
    <ClInclude Include="CardGame.h">
      <Filter>과제\23.06.15 과제</Filter>
    </ClInclude>
  </ItemGroup>
  <ItemGroup>
    <ClCompile Include="23.06.08_기본 구조.cpp">
      <Filter>내용 정리</Filter>
    </ClCompile>
    <ClCompile Include="23.06.09_충돌 PAINT.cpp">
      <Filter>내용 정리</Filter>
    </ClCompile>
    <ClCompile Include="23.06.09 과제 내용.cpp">
      <Filter>과제\23.06.09 과제</Filter>
    </ClCompile>
    <ClCompile Include="과제.cpp">
      <Filter>과제\23.06.08 과제</Filter>
    </ClCompile>
    <ClCompile Include="23.06.08_이름 출력.cpp">
      <Filter>과제\23.06.08 과제</Filter>
    </ClCompile>
    <ClCompile Include="오망성.cpp">
      <Filter>과제\23.06.09 과제</Filter>
    </ClCompile>
    <ClCompile Include="애플로고.cpp">
      <Filter>과제\23.06.09 과제</Filter>
    </ClCompile>
    <ClCompile Include="사각형이동.cpp">
      <Filter>과제\23.06.09 과제</Filter>
    </ClCompile>
    <ClCompile Include="사각형2개움직이기.cpp">
      <Filter>과제\23.06.09 과제</Filter>
    </ClCompile>
    <ClCompile Include="23.06.12_PCH, 문자셋.cpp">
      <Filter>내용 정리</Filter>
    </ClCompile>
    <ClCompile Include="Stdafx.cpp">
      <Filter>2D FameWork\PCH</Filter>
    </ClCompile>
    <ClCompile Include="C3DVector.cpp">
      <Filter>2D FameWork\Utility\Math</Filter>
    </ClCompile>
    <ClCompile Include="C3DMatrix.cpp">
      <Filter>2D FameWork\Utility\Math</Filter>
    </ClCompile>
    <ClCompile Include="WinMain.cpp">
      <Filter>2D FameWork</Filter>
    </ClCompile>
    <ClCompile Include="23.06.12 과제 내용.cpp">
      <Filter>과제\23.06.12 과제</Filter>
    </ClCompile>
    <ClCompile Include="사각형 영혼 밀어 넣기.cpp">
      <Filter>과제\23.06.12 과제</Filter>
    </ClCompile>
    <ClCompile Include="사각형 영혼 밀어 넣기2.cpp">
      <Filter>과제\23.06.12 과제</Filter>
    </ClCompile>
    <ClCompile Include="사각형리스트.cpp">
      <Filter>과제\23.06.12 과제</Filter>
    </ClCompile>
    <ClCompile Include="23.06.13_매크로 함수, 전역 변수, WinMain.cpp">
      <Filter>내용 정리</Filter>
    </ClCompile>
    <ClCompile Include="사각형 드래그 이동.cpp">
      <Filter>과제\23.06.13 과제</Filter>
    </ClCompile>
    <ClCompile Include="사각형 크기 조절.cpp">
      <Filter>과제\23.06.13 과제</Filter>
    </ClCompile>
    <ClCompile Include="사각형 4단 밀기.cpp">
      <Filter>과제\23.06.13 과제</Filter>
    </ClCompile>
    <ClCompile Include="디자인패턴.cpp">
      <Filter>내용 정리</Filter>
    </ClCompile>
    <ClCompile Include="23.06.14_싱글톤 패턴.cpp">
      <Filter>내용 정리</Filter>
    </ClCompile>
    <ClCompile Include="23.06.14 과제 내용.cpp">
      <Filter>과제\23.06.14 과제</Filter>
    </ClCompile>
    <ClCompile Include="무작위 도형 출력.cpp">
      <Filter>과제\23.06.14 과제</Filter>
    </ClCompile>
    <ClCompile Include="공 튀기기.cpp">
      <Filter>과제\23.06.14 과제</Filter>
    </ClCompile>
    <ClCompile Include="23.06.15_OOP.cpp">
      <Filter>내용 정리</Filter>
    </ClCompile>
    <ClCompile Include="23.06.15 과제 내용.cpp">
      <Filter>과제\23.06.15 과제</Filter>
    </ClCompile>
    <ClCompile Include="GameNode.cpp">
      <Filter>2D FameWork\GameCore</Filter>
    </ClCompile>
    <ClCompile Include="IWindowMessageHandler.cpp">
      <Filter>2D FameWork\Utility</Filter>
    </ClCompile>
    <ClCompile Include="MainGame.cpp">
      <Filter>ManagerClass</Filter>
    </ClCompile>
    <ClCompile Include="CardGame.cpp">
      <Filter>과제\23.06.15 과제</Filter>
    </ClCompile>
  </ItemGroup>
  <ItemGroup>
    <None Include="23.06.13 과제 내용.cpp">
      <Filter>과제\23.06.13 과제</Filter>
    </None>
  </ItemGroup>
</Project>